
Microsoft Visual Studio Solution File, Format Version 12.00
# Visual Studio 15
VisualStudioVersion = 15.0.27130.2010
MinimumVisualStudioVersion = 10.0.40219.1
Project("{FAE04EC0-301F-11D3-BF4B-00C04F79EFBC}") = "br_encryptor", "Encryption\br_encryptor.csproj", "{D6C1E6C0-1D97-412F-86FF-F29EDB169C48}"
EndProject
Project("{FAE04EC0-301F-11D3-BF4B-00C04F79EFBC}") = "br_updater", "Updater\br_updater.csproj", "{8BAD53DF-98FC-4345-9F10-592C2243121B}"
EndProject
Project("{FAE04EC0-301F-11D3-BF4B-00C04F79EFBC}") = "CombineTest", "CombineTest\CombineTest.csproj", "{ED7A67D6-ECDE-4C24-8413-F1CF22FF98A9}"
EndProject
Project("{FAE04EC0-301F-11D3-BF4B-00C04F79EFBC}") = "br_extractor", "br_extractor\br_extractor.csproj", "{02A8DDBD-7AEC-421A-BB4C-252D71089F1C}"
EndProject
Global
	GlobalSection(SolutionConfigurationPlatforms) = preSolution
		Debug|Any CPU = Debug|Any CPU
		Release|Any CPU = Release|Any CPU
	EndGlobalSection
	GlobalSection(ProjectConfigurationPlatforms) = postSolution
		{D6C1E6C0-1D97-412F-86FF-F29EDB169C48}.Debug|Any CPU.ActiveCfg = Debug|Any CPU
		{D6C1E6C0-1D97-412F-86FF-F29EDB169C48}.Debug|Any CPU.Build.0 = Debug|Any CPU
		{D6C1E6C0-1D97-412F-86FF-F29EDB169C48}.Release|Any CPU.ActiveCfg = Release|Any CPU
		{D6C1E6C0-1D97-412F-86FF-F29EDB169C48}.Release|Any CPU.Build.0 = Release|Any CPU
		{8BAD53DF-98FC-4345-9F10-592C2243121B}.Debug|Any CPU.ActiveCfg = Debug|Any CPU
		{8BAD53DF-98FC-4345-9F10-592C2243121B}.Debug|Any CPU.Build.0 = Debug|Any CPU
		{8BAD53DF-98FC-4345-9F10-592C2243121B}.Release|Any CPU.ActiveCfg = Release|Any CPU
		{8BAD53DF-98FC-4345-9F10-592C2243121B}.Release|Any CPU.Build.0 = Release|Any CPU
		{ED7A67D6-ECDE-4C24-8413-F1CF22FF98A9}.Debug|Any CPU.ActiveCfg = Debug|Any CPU
		{ED7A67D6-ECDE-4C24-8413-F1CF22FF98A9}.Debug|Any CPU.Build.0 = Debug|Any CPU
		{ED7A67D6-ECDE-4C24-8413-F1CF22FF98A9}.Release|Any CPU.ActiveCfg = Release|Any CPU
		{ED7A67D6-ECDE-4C24-8413-F1CF22FF98A9}.Release|Any CPU.Build.0 = Release|Any CPU
		{02A8DDBD-7AEC-421A-BB4C-252D71089F1C}.Debug|Any CPU.ActiveCfg = Debug|Any CPU
		{02A8DDBD-7AEC-421A-BB4C-252D71089F1C}.Debug|Any CPU.Build.0 = Debug|Any CPU
		{02A8DDBD-7AEC-421A-BB4C-252D71089F1C}.Release|Any CPU.ActiveCfg = Release|Any CPU
		{02A8DDBD-7AEC-421A-BB4C-252D71089F1C}.Release|Any CPU.Build.0 = Release|Any CPU
	EndGlobalSection
	GlobalSection(SolutionProperties) = preSolution
		HideSolutionNode = FALSE
	EndGlobalSection
	GlobalSection(ExtensibilityGlobals) = postSolution
		SolutionGuid = {075CDE37-C81F-4D24-BBF7-AD57D780E9B3}
	EndGlobalSection
EndGlobal
